{
  "name": "bun-test",
  "version": "1.0.0",
  "lockfileVersion": 3,
  "requires": true,
  "packages": {
    "": {
      "name": "bun-test",
      "version": "1.0.0",
      "dependencies": {
        "@types/uuid": "^9.0.7",
        "bun": "^1.0.18",
        "bun-types": "^1.0.18",
        "typescript": "^5.1.3",
        "uuid": "^9.0.1"
      }
    },
    "node_modules/@oven/bun-darwin-aarch64": {
      "version": "1.0.18",
      "resolved": "https://registry.npmjs.org/@oven/bun-darwin-aarch64/-/bun-darwin-aarch64-1.0.18.tgz",
      "integrity": "sha512-lXTdQpajIxP6cSAl4cvdKGVFrjPWKRVrK+PfvlX5Ub/fhyve8nKc5u1BcBG9448QqJ7xCD94bHFDgHxj3kwSmQ==",
      "cpu": [
        "arm64"
      ],
      "optional": true,
      "os": [
        "darwin"
      ]
    },
    "node_modules/@oven/bun-darwin-x64": {
      "version": "1.0.18",
      "resolved": "https://registry.npmjs.org/@oven/bun-darwin-x64/-/bun-darwin-x64-1.0.18.tgz",
      "integrity": "sha512-WHdTNKjFq7n8RwDPQj6BSop/uDYMpTKU+DY6VzSo0Qv+Dx3n00TaWSdexGrJZfAaPD2Z1GWVuJsGlCJ6nFYehQ==",
      "cpu": [
        "x64"
      ],
      "optional": true,
      "os": [
        "darwin"
      ]
    },
    "node_modules/@oven/bun-darwin-x64-baseline": {
      "version": "1.0.18",
      "resolved": "https://registry.npmjs.org/@oven/bun-darwin-x64-baseline/-/bun-darwin-x64-baseline-1.0.18.tgz",
      "integrity": "sha512-13Hkg2vfK6blR63OCJZxJGPPsozeQEP7djawopQBS/StWPxL7Ph+kLIqja7MUtgRC/n/t8mBDM4V8c8KYrursQ==",
      "cpu": [
        "x64"
      ],
      "optional": true,
      "os": [
        "darwin"
      ]
    },
    "node_modules/@oven/bun-linux-aarch64": {
      "version": "1.0.18",
      "resolved": "https://registry.npmjs.org/@oven/bun-linux-aarch64/-/bun-linux-aarch64-1.0.18.tgz",
      "integrity": "sha512-TA4QG8nWXsnluwyi0tnzbTj0lpI18Nl/VZfuwUGfaXyRT6MSTnhhsdPu8nPKNvN6dtzfJLkKxejH8dw7FyfwPw==",
      "cpu": [
        "arm64"
      ],
      "optional": true,
      "os": [
        "linux"
      ]
    },
    "node_modules/@oven/bun-linux-x64": {
      "version": "1.0.18",
      "resolved": "https://registry.npmjs.org/@oven/bun-linux-x64/-/bun-linux-x64-1.0.18.tgz",
      "integrity": "sha512-4quR8sGCmE4XwH+tCnpgVFpO/VwDzaLGbXB3bZ7dOy9yp3UjDVVMbgq3kUAZwR915cjC9bvS0ham2E9QyFQMYw==",
      "cpu": [
        "x64"
      ],
      "optional": true,
      "os": [
        "linux"
      ]
    },
    "node_modules/@oven/bun-linux-x64-baseline": {
      "version": "1.0.18",
      "resolved": "https://registry.npmjs.org/@oven/bun-linux-x64-baseline/-/bun-linux-x64-baseline-1.0.18.tgz",
      "integrity": "sha512-mfud9gyQI3dTxT7aTqUzCICQeJ6BoHfyDjyqo95v42whAhXL0C5HVDBSLjoBBIeLirJsqXoVCOnCZILFWS1Zrw==",
      "cpu": [
        "x64"
      ],
      "optional": true,
      "os": [
        "linux"
      ]
    },
    "node_modules/@types/uuid": {
      "version": "9.0.7",
      "resolved": "https://registry.npmjs.org/@types/uuid/-/uuid-9.0.7.tgz",
      "integrity": "sha512-WUtIVRUZ9i5dYXefDEAI7sh9/O7jGvHg7Df/5O/gtH3Yabe5odI3UWopVR1qbPXQtvOxWu3mM4XxlYeZtMWF4g=="
    },
    "node_modules/bun": {
      "version": "1.0.18",
      "resolved": "https://registry.npmjs.org/bun/-/bun-1.0.18.tgz",
      "integrity": "sha512-l0GiCckLxetsUmZwiJCgXor6NCvZVXg+Avk9mVb1JmIukm2+4e5HZWpelVwjVzPLmAHlDv2VyoCx4OX+XiWKgA==",
      "cpu": [
        "arm64",
        "x64"
      ],
      "hasInstallScript": true,
      "os": [
        "darwin",
        "linux"
      ],
      "bin": {
        "bun": "bin/bun",
        "bunx": "bin/bun"
      },
      "optionalDependencies": {
        "@oven/bun-darwin-aarch64": "1.0.18",
        "@oven/bun-darwin-x64": "1.0.18",
        "@oven/bun-darwin-x64-baseline": "1.0.18",
        "@oven/bun-linux-aarch64": "1.0.18",
        "@oven/bun-linux-x64": "1.0.18",
        "@oven/bun-linux-x64-baseline": "1.0.18"
      }
    },
    "node_modules/bun-types": {
      "version": "1.0.18",
      "resolved": "https://registry.npmjs.org/bun-types/-/bun-types-1.0.18.tgz",
      "integrity": "sha512-1XZ7AxOF8oO8FZtw1xj006JAKxEjulK3dUhsktZVN95vXBlsf4NIjQxfistVdpt24v3H2I9BwHp+UU+gXSSpAw=="
    },
    "node_modules/typescript": {
      "version": "5.3.3",
      "resolved": "https://registry.npmjs.org/typescript/-/typescript-5.3.3.tgz",
      "integrity": "sha512-pXWcraxM0uxAS+tN0AG/BF2TyqmHO014Z070UsJ+pFvYuRSq8KH8DmWpnbXe0pEPDHXZV3FcAbJkijJ5oNEnWw==",
      "bin": {
        "tsc": "bin/tsc",
        "tsserver": "bin/tsserver"
      },
      "engines": {
        "node": ">=14.17"
      }
    },
    "node_modules/uuid": {
      "version": "9.0.1",
      "resolved": "https://registry.npmjs.org/uuid/-/uuid-9.0.1.tgz",
      "integrity": "sha512-b+1eJOlsR9K8HJpow9Ok3fiWOWSIcIzXodvv0rQjVoOVNpWMpxf1wZNpt4y9h10odCNrqnYp1OBzRktckBe3sA==",
      "funding": [
        "https://github.com/sponsors/broofa",
        "https://github.com/sponsors/ctavan"
      ],
      "bin": {
        "uuid": "dist/bin/uuid"
      }
    }
  }
}
